Microsoft Visual Studio Solution File, Format Version 12.00
# Visual Studio Version 17
VisualStudioVersion = 17.5.2.0
MinimumVisualStudioVersion = 10.0.40219.1
Project("{FAE04EC0-301F-11D3-BF4B-00C04F79EFBC}") = "QuickAcid.Examples", "QuickAcid.Examples\QuickAcid.Examples.csproj", "{7AA6CE7B-AF5A-1D04-DD43-45252E62F076}"
EndProject
Global
	GlobalSection(SolutionConfigurationPlatforms) = preSolution
		Debug|Any CPU = Debug|Any CPU
		Release|Any CPU = Release|Any CPU
	EndGlobalSection
	GlobalSection(ProjectConfigurationPlatforms) = postSolution
		{7AA6CE7B-AF5A-1D04-DD43-45252E62F076}.Debug|Any CPU.ActiveCfg = Debug|Any CPU
		{7AA6CE7B-AF5A-1D04-DD43-45252E62F076}.Debug|Any CPU.Build.0 = Debug|Any CPU
		{7AA6CE7B-AF5A-1D04-DD43-45252E62F076}.Release|Any CPU.ActiveCfg = Release|Any CPU
		{7AA6CE7B-AF5A-1D04-DD43-45252E62F076}.Release|Any CPU.Build.0 = Release|Any CPU
	EndGlobalSection
	GlobalSection(SolutionProperties) = preSolution
		HideSolutionNode = FALSE
	EndGlobalSection
	GlobalSection(ExtensibilityGlobals) = postSolution
		SolutionGuid = {A9223C2C-4739-4835-81D0-BE0F109BBF0C}
	EndGlobalSection
EndGlobal
